
Microsoft Visual Studio Solution File, Format Version 12.00
# Visual Studio Version 17
VisualStudioVersion = 17.4.33110.190
MinimumVisualStudioVersion = 10.0.40219.1
Project("{9A19103F-16F7-4668-BE54-9A1E7A4F7556}") = "SyncCsvOneDrive", "SyncCsvOneDrive\SyncCsvOneDrive.csproj", "{A520BEB4-ED94-44DD-A5FA-5B51201D549F}"
EndProject
Global
	GlobalSection(SolutionConfigurationPlatforms) = preSolution
		Debug|Any CPU = Debug|Any CPU
		Release|Any CPU = Release|Any CPU
	EndGlobalSection
	GlobalSection(ProjectConfigurationPlatforms) = postSolution
		{A520BEB4-ED94-44DD-A5FA-5B51201D549F}.Debug|Any CPU.ActiveCfg = Debug|Any CPU
		{A520BEB4-ED94-44DD-A5FA-5B51201D549F}.Debug|Any CPU.Build.0 = Debug|Any CPU
		{A520BEB4-ED94-44DD-A5FA-5B51201D549F}.Release|Any CPU.ActiveCfg = Release|Any CPU
		{A520BEB4-ED94-44DD-A5FA-5B51201D549F}.Release|Any CPU.Build.0 = Release|Any CPU
	EndGlobalSection
	GlobalSection(SolutionProperties) = preSolution
		HideSolutionNode = FALSE
	EndGlobalSection
	GlobalSection(ExtensibilityGlobals) = postSolution
		SolutionGuid = {A02AA402-5905-4D7E-B3F1-510EDBE1029F}
	EndGlobalSection
EndGlobal
